// !$*UTF8*$!
{
	archiveVersion = 1;
	classes = {
	};
	objectVersion = 50;
	objects = {

/* Begin PBXBuildFile section */
		EE590D6023D4756E00FB0540 /* AppDelegate.swift in Sources */ = {isa = PBXBuildFile; fileRef = EE590D5F23D4756E00FB0540 /* AppDelegate.swift */; };
		EE590D6223D4756E00FB0540 /* SceneDelegate.swift in Sources */ = {isa = PBXBuildFile; fileRef = EE590D6123D4756E00FB0540 /* SceneDelegate.swift */; };
		EE590D6423D4756E00FB0540 /* ToDoViewController.swift in Sources */ = {isa = PBXBuildFile; fileRef = EE590D6323D4756E00FB0540 /* ToDoViewController.swift */; };
		EE590D6723D4756E00FB0540 /* Main.storyboard in Resources */ = {isa = PBXBuildFile; fileRef = EE590D6523D4756E00FB0540 /* Main.storyboard */; };
		EE590D6923D4757100FB0540 /* Assets.xcassets in Resources */ = {isa = PBXBuildFile; fileRef = EE590D6823D4757100FB0540 /* Assets.xcassets */; };
		EE590D6C23D4757100FB0540 /* LaunchScreen.storyboard in Resources */ = {isa = PBXBuildFile; fileRef = EE590D6A23D4757100FB0540 /* LaunchScreen.storyboard */; };
		EE9B6F1723D8130B005EB714 /* EditAddingItemDetailViewController.swift in Sources */ = {isa = PBXBuildFile; fileRef = EE9B6F1623D8130B005EB714 /* EditAddingItemDetailViewController.swift */; };
		EEB0471D23D5978000C82F9E /* DoneItem.swift in Sources */ = {isa = PBXBuildFile; fileRef = EEB0471C23D5978000C82F9E /* DoneItem.swift */; };
/* End PBXBuildFile section */

/* Begin PBXFileReference section */
		EE590D5C23D4756E00FB0540 /* ToDo.app */ = {isa = PBXFileReference; explicitFileType = wrapper.application; includeInIndex = 0; path = ToDo.app; sourceTree = BUILT_PRODUCTS_DIR; };
		EE590D5F23D4756E00FB0540 /* AppDelegate.swift */ = {isa = PBXFileReference; lastKnownFileType = sourcecode.swift; path = AppDelegate.swift; sourceTree = "<group>"; };
		EE590D6123D4756E00FB0540 /* SceneDelegate.swift */ = {isa = PBXFileReference; lastKnownFileType = sourcecode.swift; path = SceneDelegate.swift; sourceTree = "<group>"; };
		EE590D6323D4756E00FB0540 /* ToDoViewController.swift */ = {isa = PBXFileReference; lastKnownFileType = sourcecode.swift; path = ToDoViewController.swift; sourceTree = "<group>"; };
		EE590D6623D4756E00FB0540 /* Base */ = {isa = PBXFileReference; lastKnownFileType = file.storyboard; name = Base; path = Base.lproj/Main.storyboard; sourceTree = "<group>"; };
		EE590D6823D4757100FB0540 /* Assets.xcassets */ = {isa = PBXFileReference; lastKnownFileType = folder.assetcatalog; path = Assets.xcassets; sourceTree = "<group>"; };
		EE590D6B23D4757100FB0540 /* Base */ = {isa = PBXFileReference; lastKnownFileType = file.storyboard; name = Base; path = Base.lproj/LaunchScreen.storyboard; sourceTree = "<group>"; };
		EE590D6D23D4757100FB0540 /* Info.plist */ = {isa = PBXFileReference; lastKnownFileType = text.plist.xml; path = Info.plist; sourceTree = "<group>"; };
		EE9B6F1623D8130B005EB714 /* EditAddingItemDetailViewController.swift */ = {isa = PBXFileReference; lastKnownFileType = sourcecode.swift; path = EditAddingItemDetailViewController.swift; sourceTree = "<group>"; };
		EEB0471C23D5978000C82F9E /* DoneItem.swift */ = {isa = PBXFileReference; lastKnownFileType = sourcecode.swift; path = DoneItem.swift; sourceTree = "<group>"; };
/* End PBXFileReference section */

/* Begin PBXFrameworksBuildPhase section */
		EE590D5923D4756E00FB0540 /* Frameworks */ = {
			isa = PBXFrameworksBuildPhase;
			buildActionMask = 2147483647;
			files = (
			);
			runOnlyForDeploymentPostprocessing = 0;
		};
/* End PBXFrameworksBuildPhase section */

/* Begin PBXGroup section */
		EE590D5323D4756E00FB0540 = {
			isa = PBXGroup;
			children = (
				EE590D5E23D4756E00FB0540 /* ToDo */,
				EE590D5D23D4756E00FB0540 /* Products */,
			);
			sourceTree = "<group>";
		};
		EE590D5D23D4756E00FB0540 /* Products */ = {
			isa = PBXGroup;
			children = (
				EE590D5C23D4756E00FB0540 /* ToDo.app */,
			);
			name = Products;
			sourceTree = "<group>";
		};
		EE590D5E23D4756E00FB0540 /* ToDo */ = {
			isa = PBXGroup;
			children = (
				EEB0471B23D57D2B00C82F9E /* New Group */,
				EE590D6323D4756E00FB0540 /* ToDoViewController.swift */,
				EE590D6523D4756E00FB0540 /* Main.storyboard */,
				EE590D6D23D4757100FB0540 /* Info.plist */,
				EEB0471C23D5978000C82F9E /* DoneItem.swift */,
				EE9B6F1623D8130B005EB714 /* EditAddingItemDetailViewController.swift */,
			);
			path = ToDo;
			sourceTree = "<group>";
		};
		EEB0471B23D57D2B00C82F9E /* New Group */ = {
			isa = PBXGroup;
			children = (
				EE590D5F23D4756E00FB0540 /* AppDelegate.swift */,
				EE590D6123D4756E00FB0540 /* SceneDelegate.swift */,
				EE590D6823D4757100FB0540 /* Assets.xcassets */,
				EE590D6A23D4757100FB0540 /* LaunchScreen.storyboard */,
			);
			path = "New Group";
			sourceTree = "<group>";
		};
/* End PBXGroup section */

/* Begin PBXNativeTarget section */
		EE590D5B23D4756E00FB0540 /* ToDo */ = {
			isa = PBXNativeTarget;
			buildConfigurationList = EE590D7023D4757100FB0540 /* Build configuration list for PBXNativeTarget "ToDo" */;
			buildPhases = (
				EE590D5823D4756E00FB0540 /* Sources */,
				EE590D5923D4756E00FB0540 /* Frameworks */,
				EE590D5A23D4756E00FB0540 /* Resources */,
			);
			buildRules = (
			);
			dependencies = (
			);
			name = ToDo;
			productName = ToDo;
			productReference = EE590D5C23D4756E00FB0540 /* ToDo.app */;
			productType = "com.apple.product-type.application";
		};
/* End PBXNativeTarget section */

/* Begin PBXProject section */
		EE590D5423D4756E00FB0540 /* Project object */ = {
			isa = PBXProject;
			attributes = {
				LastSwiftUpdateCheck = 1130;
				LastUpgradeCheck = 1130;
				ORGANIZATIONNAME = hpc;
				TargetAttributes = {
					EE590D5B23D4756E00FB0540 = {
						CreatedOnToolsVersion = 11.3;
					};
				};
			};
			buildConfigurationList = EE590D5723D4756E00FB0540 /* Build configuration list for PBXProject "ToDo" */;
			compatibilityVersion = "Xcode 9.3";
			developmentRegion = en;
			hasScannedForEncodings = 0;
			knownRegions = (
				en,
				Base,
			);
			mainGroup = EE590D5323D4756E00FB0540;
			productRefGroup = EE590D5D23D4756E00FB0540 /* Products */;
			projectDirPath = "";
			projectRoot = "";
			targets = (
				EE590D5B23D4756E00FB0540 /* ToDo */,
			);
		};
/* End PBXProject section */

/* Begin PBXResourcesBuildPhase section */
		EE590D5A23D4756E00FB0540 /* Resources */ = {
			isa = PBXResourcesBuildPhase;
			buildActionMask = 2147483647;
			files = (
				EE590D6C23D4757100FB0540 /* LaunchScreen.storyboard in Resources */,
				EE590D6923D4757100FB0540 /* Assets.xcassets in Resources */,
				EE590D6723D4756E00FB0540 /* Main.storyboard in Resources */,
			);
			runOnlyForDeploymentPostprocessing = 0;
		};
/* End PBXResourcesBuildPhase section */

/* Begin PBXSourcesBuildPhase section */
		EE590D5823D4756E00FB0540 /* Sources */ = {
			isa = PBXSourcesBuildPhase;
			buildActionMask = 2147483647;
			files = (
				EE590D6423D4756E00FB0540 /* ToDoViewController.swift in Sources */,
				EE590D6023D4756E00FB0540 /* AppDelegate.swift in Sources */,
				EEB0471D23D5978000C82F9E /* DoneItem.swift in Sources */,
				EE9B6F1723D8130B005EB714 /* EditAddingItemDetailViewController.swift in Sources */,
				EE590D6223D4756E00FB0540 /* SceneDelegate.swift in Sources */,
			);
			runOnlyForDeploymentPostprocessing = 0;
		};
/* End PBXSourcesBuildPhase section */

/* Begin PBXVariantGroup section */
		EE590D6523D4756E00FB0540 /* Main.storyboard */ = {
			isa = PBXVariantGroup;
			children = (
				EE590D6623D4756E00FB0540 /* Base */,
			);
			name = Main.storyboard;
			sourceTree = "<group>";
		};
		EE590D6A23D4757100FB0540 /* LaunchScreen.storyboard */ = {
			isa = PBXVariantGroup;
			children = (
				EE590D6B23D4757100FB0540 /* Base */,
			);
			name = LaunchScreen.storyboard;
			sourceTree = "<group>";
		};
/* End PBXVariantGroup section */

/* Begin XCBuildConfiguration section */
		EE590D6E23D4757100FB0540 /* Debug */ = {
			isa = XCBuildConfiguration;
			buildSettings = {
				ALWAYS_SEARCH_USER_PATHS = NO;
				CLANG_ANALYZER_NONNULL = YES;
				CLANG_ANALYZER_NUMBER_OBJECT_CONVERSION = YES_AGGRESSIVE;
				CLANG_CXX_LANGUAGE_STANDARD = "gnu++14";
				CLANG_CXX_LIBRARY = "libc++";
				CLANG_ENABLE_MODULES = YES;
				CLANG_ENABLE_OBJC_ARC = YES;
				CLANG_ENABLE_OBJC_WEAK = YES;
				CLANG_WARN_BLOCK_CAPTURE_AUTORELEASING = YES;
				CLANG_WARN_BOOL_CONVERSION = YES;
				CLANG_WARN_COMMA = YES;
				CLANG_WARN_CONSTANT_CONVERSION = YES;
				CLANG_WARN_DEPRECATED_OBJC_IMPLEMENTATIONS = YES;
				CLANG_WARN_DIRECT_OBJC_ISA_USAGE = YES_ERROR;
				CLANG_WARN_DOCUMENTATION_COMMENTS = YES;
				CLANG_WARN_EMPTY_BODY = YES;
				CLANG_WARN_ENUM_CONVERSION = YES;
				CLANG_WARN_INFINITE_RECURSION = YES;
				CLANG_WARN_INT_CONVERSION = YES;
				CLANG_WARN_NON_LITERAL_NULL_CONVERSION = YES;
				CLANG_WARN_OBJC_IMPLICIT_RETAIN_SELF = YES;
				CLANG_WARN_OBJC_LITERAL_CONVERSION = YES;
				CLANG_WARN_OBJC_ROOT_CLASS = YES_ERROR;
				CLANG_WARN_RANGE_LOOP_ANALYSIS = YES;
				CLANG_WARN_STRICT_PROTOTYPES = YES;
				CLANG_WARN_SUSPICIOUS_MOVE = YES;
				CLANG_WARN_UNGUARDED_AVAILABILITY = YES_AGGRESSIVE;
				CLANG_WARN_UNREACHABLE_CODE = YES;
				CLANG_WARN__DUPLICATE_METHOD_MATCH = YES;
				COPY_PHASE_STRIP = NO;
				DEBUG_INFORMATION_FORMAT = dwarf;
				ENABLE_STRICT_OBJC_MSGSEND = YES;
				ENABLE_TESTABILITY = YES;
				GCC_C_LANGUAGE_STANDARD = gnu11;
				GCC_DYNAMIC_NO_PIC = NO;
				GCC_NO_COMMON_BLOCKS = YES;
				GCC_OPTIMIZATION_LEVEL = 0;
				GCC_PREPROCESSOR_DEFINITIONS = (
					"DEBUG=1",
					"$(inherited)",
				);
				GCC_WARN_64_TO_32_BIT_CONVERSION = YES;
				GCC_WARN_ABOUT_RETURN_TYPE = YES_ERROR;
				GCC_WARN_UNDECLARED_SELECTOR = YES;
				GCC_WARN_UNINITIALIZED_AUTOS = YES_AGGRESSIVE;
				GCC_WARN_UNUSED_FUNCTION = YES;
				GCC_WARN_UNUSED_VARIABLE = YES;
				IPHONEOS_DEPLOYMENT_TARGET = 13.2;
				MTL_ENABLE_DEBUG_INFO = INCLUDE_SOURCE;
				MTL_FAST_MATH = YES;
				ONLY_ACTIVE_ARCH = YES;
				SDKROOT = iphoneos;
				SWIFT_ACTIVE_COMPILATION_CONDITIONS = DEBUG;
				SWIFT_OPTIMIZATION_LEVEL = "-Onone";
			};
			name = Debug;
		};
		EE590D6F23D4757100FB0540 /* Release */ = {
			isa = XCBuildConfiguration;
			buildSettings = {
				ALWAYS_SEARCH_USER_PATHS = NO;
				CLANG_ANALYZER_NONNULL = YES;
				CLANG_ANALYZER_NUMBER_OBJECT_CONVERSION = YES_AGGRESSIVE;
				CLANG_CXX_LANGUAGE_STANDARD = "gnu++14";
				CLANG_CXX_LIBRARY = "libc++";
				CLANG_ENABLE_MODULES = YES;
				CLANG_ENABLE_OBJC_ARC = YES;
				CLANG_ENABLE_OBJC_WEAK = YES;
				CLANG_WARN_BLOCK_CAPTURE_AUTORELEASING = YES;
				CLANG_WARN_BOOL_CONVERSION = YES;
				CLANG_WARN_COMMA = YES;
				CLANG_WARN_CONSTANT_CONVERSION = YES;
				CLANG_WARN_DEPRECATED_OBJC_IMPLEMENTATIONS = YES;
				CLANG_WARN_DIRECT_OBJC_ISA_USAGE = YES_ERROR;
				CLANG_WARN_DOCUMENTATION_COMMENTS = YES;
				CLANG_WARN_EMPTY_BODY = YES;
				CLANG_WARN_ENUM_CONVERSION = YES;
				CLANG_WARN_INFINITE_RECURSION = YES;
				CLANG_WARN_INT_CONVERSION = YES;
				CLANG_WARN_NON_LITERAL_NULL_CONVERSION = YES;
				CLANG_WARN_OBJC_IMPLICIT_RETAIN_SELF = YES;
				CLANG_WARN_OBJC_LITERAL_CONVERSION = YES;
				CLANG_WARN_OBJC_ROOT_CLASS = YES_ERROR;
				CLANG_WARN_RANGE_LOOP_ANALYSIS = YES;
				CLANG_WARN_STRICT_PROTOTYPES = YES;
				CLANG_WARN_SUSPICIOUS_MOVE = YES;
				CLANG_WARN_UNGUARDED_AVAILABILITY = YES_AGGRESSIVE;
				CLANG_WARN_UNREACHABLE_CODE = YES;
				CLANG_WARN__DUPLICATE_METHOD_MATCH = YES;
				COPY_PHASE_STRIP = NO;
				DEBUG_INFORMATION_FORMAT = "dwarf-with-dsym";
				ENABLE_NS_ASSERTIONS = NO;
				ENABLE_STRICT_OBJC_MSGSEND = YES;
				GCC_C_LANGUAGE_STANDARD = gnu11;
				GCC_NO_COMMON_BLOCKS = YES;
				GCC_WARN_64_TO_32_BIT_CONVERSION = YES;
				GCC_WARN_ABOUT_RETURN_TYPE = YES_ERROR;
				GCC_WARN_UNDECLARED_SELECTOR = YES;
				GCC_WARN_UNINITIALIZED_AUTOS = YES_AGGRESSIVE;
				GCC_WARN_UNUSED_FUNCTION = YES;
				GCC_WARN_UNUSED_VARIABLE = YES;
				IPHONEOS_DEPLOYMENT_TARGET = 13.2;
				MTL_ENABLE_DEBUG_INFO = NO;
				MTL_FAST_MATH = YES;
				SDKROOT = iphoneos;
				SWIFT_COMPILATION_MODE = wholemodule;
				SWIFT_OPTIMIZATION_LEVEL = "-O";
				VALIDATE_PRODUCT = YES;
			};
			name = Release;
		};
		EE590D7123D4757100FB0540 /* Debug */ = {
			isa = XCBuildConfiguration;
			buildSettings = {
				ASSETCATALOG_COMPILER_APPICON_NAME = AppIcon;
				CODE_SIGN_STYLE = Automatic;
				INFOPLIST_FILE = ToDo/Info.plist;
				LD_RUNPATH_SEARCH_PATHS = (
					"$(inherited)",
					"@executable_path/Frameworks",
				);
				PRODUCT_BUNDLE_IDENTIFIER = "-21801407.ToDo";
				PRODUCT_NAME = "$(TARGET_NAME)";
				SWIFT_VERSION = 5.0;
				TARGETED_DEVICE_FAMILY = "1,2";
			};
			name = Debug;
		};
		EE590D7223D4757100FB0540 /* Release */ = {
			isa = XCBuildConfiguration;
			buildSettings = {
				ASSETCATALOG_COMPILER_APPICON_NAME = AppIcon;
				CODE_SIGN_STYLE = Automatic;
				INFOPLIST_FILE = ToDo/Info.plist;
				LD_RUNPATH_SEARCH_PATHS = (
					"$(inherited)",
					"@executable_path/Frameworks",
				);
				PRODUCT_BUNDLE_IDENTIFIER = "-21801407.ToDo";
				PRODUCT_NAME = "$(TARGET_NAME)";
				SWIFT_VERSION = 5.0;
				TARGETED_DEVICE_FAMILY = "1,2";
			};
			name = Release;
		};
/* End XCBuildConfiguration section */

/* Begin XCConfigurationList section */
		EE590D5723D4756E00FB0540 /* Build configuration list for PBXProject "ToDo" */ = {
			isa = XCConfigurationList;
			buildConfigurations = (
				EE590D6E23D4757100FB0540 /* Debug */,
				EE590D6F23D4757100FB0540 /* Release */,
			);
			defaultConfigurationIsVisible = 0;
			defaultConfigurationName = Release;
		};
		EE590D7023D4757100FB0540 /* Build configuration list for PBXNativeTarget "ToDo" */ = {
			isa = XCConfigurationList;
			buildConfigurations = (
				EE590D7123D4757100FB0540 /* Debug */,
				EE590D7223D4757100FB0540 /* Release */,
			);
			defaultConfigurationIsVisible = 0;
			defaultConfigurationName = Release;
		};
/* End XCConfigurationList section */
	};
	rootObject = EE590D5423D4756E00FB0540 /* Project object */;
}
